
Microsoft Visual Studio Solution File, Format Version 12.00
# Visual Studio Version 17
VisualStudioVersion = 17.9.34714.143
MinimumVisualStudioVersion = 10.0.40219.1
Project("{FAE04EC0-301F-11D3-BF4B-00C04F79EFBC}") = "ProjectRunAway", "ProjectRunAway.csproj", "{A1AB2B7B-A886-48BC-895E-BE8072C72EAF}"
EndProject
Global
	GlobalSection(SolutionConfigurationPlatforms) = preSolution
		Debug|Any CPU = Debug|Any CPU
		Release|Any CPU = Release|Any CPU
	EndGlobalSection
	GlobalSection(ProjectConfigurationPlatforms) = postSolution
		{A1AB2B7B-A886-48BC-895E-BE8072C72EAF}.Debug|Any CPU.ActiveCfg = Debug|Any CPU
		{A1AB2B7B-A886-48BC-895E-BE8072C72EAF}.Debug|Any CPU.Build.0 = Debug|Any CPU
		{A1AB2B7B-A886-48BC-895E-BE8072C72EAF}.Release|Any CPU.ActiveCfg = Release|Any CPU
		{A1AB2B7B-A886-48BC-895E-BE8072C72EAF}.Release|Any CPU.Build.0 = Release|Any CPU
	EndGlobalSection
	GlobalSection(SolutionProperties) = preSolution
		HideSolutionNode = FALSE
	EndGlobalSection
	GlobalSection(ExtensibilityGlobals) = postSolution
		SolutionGuid = {2B261131-8635-49E9-8283-03ABAC757E3F}
	EndGlobalSection
EndGlobal
